
Microsoft Visual Studio Solution File, Format Version 12.00
# Visual Studio Version 16
VisualStudioVersion = 16.0.31624.102
MinimumVisualStudioVersion = 10.0.40219.1
Project("{9A19103F-16F7-4668-BE54-9A1E7A4F7556}") = "SmartMeterControl.Access_MS", "SmartMeterControl.Access_MS.csproj", "{C64E609A-E3D1-4CD2-ABBD-7CF9A69C7922}"
EndProject
Global
	GlobalSection(SolutionConfigurationPlatforms) = preSolution
		Debug|Any CPU = Debug|Any CPU
		Release|Any CPU = Release|Any CPU
	EndGlobalSection
	GlobalSection(ProjectConfigurationPlatforms) = postSolution
		{C64E609A-E3D1-4CD2-ABBD-7CF9A69C7922}.Debug|Any CPU.ActiveCfg = Debug|Any CPU
		{C64E609A-E3D1-4CD2-ABBD-7CF9A69C7922}.Debug|Any CPU.Build.0 = Debug|Any CPU
		{C64E609A-E3D1-4CD2-ABBD-7CF9A69C7922}.Release|Any CPU.ActiveCfg = Release|Any CPU
		{C64E609A-E3D1-4CD2-ABBD-7CF9A69C7922}.Release|Any CPU.Build.0 = Release|Any CPU
	EndGlobalSection
	GlobalSection(SolutionProperties) = preSolution
		HideSolutionNode = FALSE
	EndGlobalSection
	GlobalSection(ExtensibilityGlobals) = postSolution
		SolutionGuid = {6AF9B4FB-2FC7-4F85-8EFF-9BE10AB91B29}
	EndGlobalSection
EndGlobal
